
Microsoft Visual Studio Solution File, Format Version 12.00
# Visual Studio Version 17
VisualStudioVersion = 17.14.36221.1 d17.14
MinimumVisualStudioVersion = 10.0.40219.1
Project("{FAE04EC0-301F-11D3-BF4B-00C04F79EFBC}") = "AuthService", "AuthService\AuthService.csproj", "{51428912-B370-4D4F-A229-DF130903960F}"
EndProject
Global
	GlobalSection(SolutionConfigurationPlatforms) = preSolution
		Debug|Any CPU = Debug|Any CPU
		Release|Any CPU = Release|Any CPU
	EndGlobalSection
	GlobalSection(ProjectConfigurationPlatforms) = postSolution
		{51428912-B370-4D4F-A229-DF130903960F}.Debug|Any CPU.ActiveCfg = Debug|Any CPU
		{51428912-B370-4D4F-A229-DF130903960F}.Debug|Any CPU.Build.0 = Debug|Any CPU
		{51428912-B370-4D4F-A229-DF130903960F}.Release|Any CPU.ActiveCfg = Release|Any CPU
		{51428912-B370-4D4F-A229-DF130903960F}.Release|Any CPU.Build.0 = Release|Any CPU
	EndGlobalSection
	GlobalSection(SolutionProperties) = preSolution
		HideSolutionNode = FALSE
	EndGlobalSection
	GlobalSection(ExtensibilityGlobals) = postSolution
		SolutionGuid = {11AFC574-52DF-4C8A-9F19-BBCE081F1D49}
	EndGlobalSection
EndGlobal
